
Microsoft Visual Studio Solution File, Format Version 12.00
# Visual Studio 14
VisualStudioVersion = 14.0.25420.1
MinimumVisualStudioVersion = 10.0.40219.1
Project("{FAE04EC0-301F-11D3-BF4B-00C04F79EFBC}") = "BadgerBadgerBadger", "BadgerBadgerBadger\BadgerBadgerBadger.csproj", "{557CD6D6-7255-44DB-B46F-2E7BC6C6339A}"
EndProject
Global
	GlobalSection(SolutionConfigurationPlatforms) = preSolution
		Debug|Any CPU = Debug|Any CPU
		Release|Any CPU = Release|Any CPU
	EndGlobalSection
	GlobalSection(ProjectConfigurationPlatforms) = postSolution
		{557CD6D6-7255-44DB-B46F-2E7BC6C6339A}.Debug|Any CPU.ActiveCfg = Debug|Any CPU
		{557CD6D6-7255-44DB-B46F-2E7BC6C6339A}.Debug|Any CPU.Build.0 = Debug|Any CPU
		{557CD6D6-7255-44DB-B46F-2E7BC6C6339A}.Release|Any CPU.ActiveCfg = Release|Any CPU
		{557CD6D6-7255-44DB-B46F-2E7BC6C6339A}.Release|Any CPU.Build.0 = Release|Any CPU
	EndGlobalSection
	GlobalSection(SolutionProperties) = preSolution
		HideSolutionNode = FALSE
	EndGlobalSection
EndGlobal
